
Microsoft Visual Studio Solution File, Format Version 12.00
# Visual Studio Version 16
VisualStudioVersion = 16.0.29920.165
MinimumVisualStudioVersion = 10.0.40219.1
Project("{FAE04EC0-301F-11D3-BF4B-00C04F79EFBC}") = "HotBag.Service.EmailServices", "HotBag.Service.EmailServices\HotBag.Service.EmailServices.csproj", "{B0665B90-D6B1-46B0-85DF-95D24BB8AD3E}"
EndProject
Project("{FAE04EC0-301F-11D3-BF4B-00C04F79EFBC}") = "TestPublisher", "TestPublisher\TestPublisher.csproj", "{5027AD20-FE0C-415D-A89D-981EBAFC56E7}"
EndProject
Global
	GlobalSection(SolutionConfigurationPlatforms) = preSolution
		Debug|Any CPU = Debug|Any CPU
		Release|Any CPU = Release|Any CPU
	EndGlobalSection
	GlobalSection(ProjectConfigurationPlatforms) = postSolution
		{B0665B90-D6B1-46B0-85DF-95D24BB8AD3E}.Debug|Any CPU.ActiveCfg = Debug|Any CPU
		{B0665B90-D6B1-46B0-85DF-95D24BB8AD3E}.Debug|Any CPU.Build.0 = Debug|Any CPU
		{B0665B90-D6B1-46B0-85DF-95D24BB8AD3E}.Release|Any CPU.ActiveCfg = Release|Any CPU
		{B0665B90-D6B1-46B0-85DF-95D24BB8AD3E}.Release|Any CPU.Build.0 = Release|Any CPU
		{5027AD20-FE0C-415D-A89D-981EBAFC56E7}.Debug|Any CPU.ActiveCfg = Debug|Any CPU
		{5027AD20-FE0C-415D-A89D-981EBAFC56E7}.Debug|Any CPU.Build.0 = Debug|Any CPU
		{5027AD20-FE0C-415D-A89D-981EBAFC56E7}.Release|Any CPU.ActiveCfg = Release|Any CPU
		{5027AD20-FE0C-415D-A89D-981EBAFC56E7}.Release|Any CPU.Build.0 = Release|Any CPU
	EndGlobalSection
	GlobalSection(SolutionProperties) = preSolution
		HideSolutionNode = FALSE
	EndGlobalSection
	GlobalSection(ExtensibilityGlobals) = postSolution
		SolutionGuid = {694952A7-857B-4177-AF54-71FBD01888E0}
	EndGlobalSection
EndGlobal
